
Microsoft Visual Studio Solution File, Format Version 12.00
# Visual Studio Version 17
VisualStudioVersion = 17.9.34310.174
MinimumVisualStudioVersion = 10.0.40219.1
Project("{FAE04EC0-301F-11D3-BF4B-00C04F79EFBC}") = "Fairy Tale Maui", "Fairy Tale Maui\Fairy Tale Maui.csproj", "{BA1D59C1-B952-47E9-91EC-8EA4747064EF}"
EndProject
Global
	GlobalSection(SolutionConfigurationPlatforms) = preSolution
		Debug|Any CPU = Debug|Any CPU
		Release|Any CPU = Release|Any CPU
	EndGlobalSection
	GlobalSection(ProjectConfigurationPlatforms) = postSolution
		{BA1D59C1-B952-47E9-91EC-8EA4747064EF}.Debug|Any CPU.ActiveCfg = Debug|Any CPU
		{BA1D59C1-B952-47E9-91EC-8EA4747064EF}.Debug|Any CPU.Build.0 = Debug|Any CPU
		{BA1D59C1-B952-47E9-91EC-8EA4747064EF}.Debug|Any CPU.Deploy.0 = Debug|Any CPU
		{BA1D59C1-B952-47E9-91EC-8EA4747064EF}.Release|Any CPU.ActiveCfg = Release|Any CPU
		{BA1D59C1-B952-47E9-91EC-8EA4747064EF}.Release|Any CPU.Build.0 = Release|Any CPU
		{BA1D59C1-B952-47E9-91EC-8EA4747064EF}.Release|Any CPU.Deploy.0 = Release|Any CPU
	EndGlobalSection
	GlobalSection(SolutionProperties) = preSolution
		HideSolutionNode = FALSE
	EndGlobalSection
	GlobalSection(ExtensibilityGlobals) = postSolution
		SolutionGuid = {C5DDBC30-A3AC-433F-AF47-60E9CFB41584}
	EndGlobalSection
EndGlobal
